
Microsoft Visual Studio Solution File, Format Version 11.00
# Visual Studio 2010
Project("{FAE04EC0-301F-11D3-BF4B-00C04F79EFBC}") = "Common", "common\Common.csproj", "{12FBE96F-1212-4E24-9CCB-A9666F4C5203}"
EndProject
Project("{FAE04EC0-301F-11D3-BF4B-00C04F79EFBC}") = "CommonResources", "common\CommonResources.csproj", "{05ABD542-CEFA-48E2-B689-13D64C2F8A40}"
EndProject
Project("{FAE04EC0-301F-11D3-BF4B-00C04F79EFBC}") = "InstrumentControlAPI", "controlAPI\InstrumentControlAPI.csproj", "{8A2840DC-DD41-4CDD-9071-86F07A26ED92}"
EndProject
Project("{FAE04EC0-301F-11D3-BF4B-00C04F79EFBC}") = "Separator", "separator\Separator.csproj", "{8C4A9C27-80BB-4619-BF10-AC831A915330}"
	ProjectSection(ProjectDependencies) = postProject
		{37E317ED-6871-45C8-A3DD-BFCC195708D7} = {37E317ED-6871-45C8-A3DD-BFCC195708D7}
	EndProjectSection
EndProject
Project("{FAE04EC0-301F-11D3-BF4B-00C04F79EFBC}") = "SeparatorAPI", "separatorAPI\SeparatorAPI.csproj", "{AA229DBB-3395-4270-A06C-C38F7BB242BF}"
EndProject
Project("{FAE04EC0-301F-11D3-BF4B-00C04F79EFBC}") = "GUI_Console", "CWJ_Console\GUI_Console.csproj", "{4D8D6F32-BB42-4198-8FE6-14CFD4AB3D9C}"
	ProjectSection(ProjectDependencies) = postProject
		{A00205C0-7DE6-40F1-8FD9-5C71C6CF145B} = {A00205C0-7DE6-40F1-8FD9-5C71C6CF145B}
		{37E317ED-6871-45C8-A3DD-BFCC195708D7} = {37E317ED-6871-45C8-A3DD-BFCC195708D7}
	EndProjectSection
EndProject
Project("{FAE04EC0-301F-11D3-BF4B-00C04F79EFBC}") = "GUI_Controls", "GUI_Controls\GUI_Controls.csproj", "{35E0CB7F-0BB6-411F-9BFD-35852A3F63BB}"
EndProject
Project("{FAE04EC0-301F-11D3-BF4B-00C04F79EFBC}") = "DataAccess", "DataAccess\DataAccess.csproj", "{9A5BCDC0-ACCC-4A8C-8014-7F0254A87187}"
EndProject
Project("{2150E333-8FDC-42A3-9474-1A3956D46DE8}") = "Solution Items", "Solution Items", "{2903C785-E04A-46DA-BBD7-6337AE881712}"
	ProjectSection(SolutionItems) = preProject
		CWJ_Console\Resources\BG_EditProtocolList.bmp = CWJ_Console\Resources\BG_EditProtocolList.bmp
		GUI_Controls\Resources\BG_HEXGRID.bmp = GUI_Controls\Resources\BG_HEXGRID.bmp
		GUI_Controls\Resources\BG_PANEL_BORDER.bmp = GUI_Controls\Resources\BG_PANEL_BORDER.bmp
		CWJ_Console\Resources\BG_ProtocolSelection.bmp = CWJ_Console\Resources\BG_ProtocolSelection.bmp
		CWJ_Console\Resources\BG_Resources.bmp = CWJ_Console\Resources\BG_Resources.bmp
		GUI_Controls\Resources\BG_Resources.bmp = GUI_Controls\Resources\BG_Resources.bmp
		CWJ_Console\Resources\BG_Resources1.bmp = CWJ_Console\Resources\BG_Resources1.bmp
		CWJ_Console\Resources\BG_RunLog.bmp = CWJ_Console\Resources\BG_RunLog.bmp
		GUI_Controls\Resources\BG_SearchBar.bmp = GUI_Controls\Resources\BG_SearchBar.bmp
		CWJ_Console\Resources\BG_UserProtocolList.bmp = CWJ_Console\Resources\BG_UserProtocolList.bmp
		GUI_Controls\Resources\bigRectButton.jpg = GUI_Controls\Resources\bigRectButton.jpg
		GUI_Controls\Resources\Button_ABBORT0.bmp = GUI_Controls\Resources\Button_ABBORT0.bmp
		GUI_Controls\Resources\Button_ABBORT1.bmp = GUI_Controls\Resources\Button_ABBORT1.bmp
		GUI_Controls\Resources\Button_ABBORT2.bmp = GUI_Controls\Resources\Button_ABBORT2.bmp
		GUI_Controls\Resources\Button_ABBORT3.bmp = GUI_Controls\Resources\Button_ABBORT3.bmp
		GUI_Controls\Resources\BUTTON_ACCEPT0.bmp = GUI_Controls\Resources\BUTTON_ACCEPT0.bmp
		GUI_Controls\Resources\BUTTON_ACCEPT1.bmp = GUI_Controls\Resources\BUTTON_ACCEPT1.bmp
		GUI_Controls\Resources\BUTTON_ACCEPT2.bmp = GUI_Controls\Resources\BUTTON_ACCEPT2.bmp
		GUI_Controls\Resources\BUTTON_ACCEPT3.bmp = GUI_Controls\Resources\BUTTON_ACCEPT3.bmp
		GUI_Controls\Resources\BUTTON_ADDPROFILE0.bmp = GUI_Controls\Resources\BUTTON_ADDPROFILE0.bmp
		GUI_Controls\Resources\BUTTON_ADDPROFILE1.bmp = GUI_Controls\Resources\BUTTON_ADDPROFILE1.bmp
		GUI_Controls\Resources\BUTTON_ADDPROFILE2.bmp = GUI_Controls\Resources\BUTTON_ADDPROFILE2.bmp
		GUI_Controls\Resources\BUTTON_ADDPROFILE3.bmp = GUI_Controls\Resources\BUTTON_ADDPROFILE3.bmp
		GUI_Controls\Resources\Button_CANCEL0.bmp = GUI_Controls\Resources\Button_CANCEL0.bmp
		GUI_Controls\Resources\Button_CANCEL1.bmp = GUI_Controls\Resources\Button_CANCEL1.bmp
		GUI_Controls\Resources\BUTTON_DOWN0.bmp = GUI_Controls\Resources\BUTTON_DOWN0.bmp
		GUI_Controls\Resources\BUTTON_DOWN1.bmp = GUI_Controls\Resources\BUTTON_DOWN1.bmp
		GUI_Controls\Resources\BUTTON_DOWN2.bmp = GUI_Controls\Resources\BUTTON_DOWN2.bmp
		GUI_Controls\Resources\BUTTON_DOWN3.bmp = GUI_Controls\Resources\BUTTON_DOWN3.bmp
		GUI_Controls\Resources\BUTTON_DOWN_Disable.bmp = GUI_Controls\Resources\BUTTON_DOWN_Disable.bmp
		GUI_Controls\Resources\Button_Filter.jpg = GUI_Controls\Resources\Button_Filter.jpg
		GUI_Controls\Resources\Button_Filter2.jpg = GUI_Controls\Resources\Button_Filter2.jpg
		GUI_Controls\Resources\Button_Home0.bmp = GUI_Controls\Resources\Button_Home0.bmp
		GUI_Controls\Resources\Button_Home1.bmp = GUI_Controls\Resources\Button_Home1.bmp
		GUI_Controls\Resources\Button_Home2.bmp = GUI_Controls\Resources\Button_Home2.bmp
		GUI_Controls\Resources\Button_Home3.bmp = GUI_Controls\Resources\Button_Home3.bmp
		GUI_Controls\Resources\BUTTON_HOMECANCEL0.bmp = GUI_Controls\Resources\BUTTON_HOMECANCEL0.bmp
		GUI_Controls\Resources\BUTTON_HOMECANCEL1.bmp = GUI_Controls\Resources\BUTTON_HOMECANCEL1.bmp
		GUI_Controls\Resources\BUTTON_HUMAN0.bmp = GUI_Controls\Resources\BUTTON_HUMAN0.bmp
		GUI_Controls\Resources\BUTTON_HUMAN1.bmp = GUI_Controls\Resources\BUTTON_HUMAN1.bmp
		GUI_Controls\Resources\BUTTON_HUMAN2.bmp = GUI_Controls\Resources\BUTTON_HUMAN2.bmp
		GUI_Controls\Resources\BUTTON_HUMAN3.bmp = GUI_Controls\Resources\BUTTON_HUMAN3.bmp
		GUI_Controls\Resources\BUTTON_MOUSE0.bmp = GUI_Controls\Resources\BUTTON_MOUSE0.bmp
		GUI_Controls\Resources\BUTTON_MOUSE1.bmp = GUI_Controls\Resources\BUTTON_MOUSE1.bmp
		GUI_Controls\Resources\BUTTON_MOUSE2.bmp = GUI_Controls\Resources\BUTTON_MOUSE2.bmp
		GUI_Controls\Resources\BUTTON_MOUSE3.bmp = GUI_Controls\Resources\BUTTON_MOUSE3.bmp
		GUI_Controls\Resources\BUTTON_MYPROFILE0.bmp = GUI_Controls\Resources\BUTTON_MYPROFILE0.bmp
		GUI_Controls\Resources\BUTTON_MYPROFILE1.bmp = GUI_Controls\Resources\BUTTON_MYPROFILE1.bmp
		GUI_Controls\Resources\BUTTON_MYPROFILE2.bmp = GUI_Controls\Resources\BUTTON_MYPROFILE2.bmp
		GUI_Controls\Resources\BUTTON_MYPROFILE3.bmp = GUI_Controls\Resources\BUTTON_MYPROFILE3.bmp
		GUI_Controls\Resources\BUTTON_NEGATIVE0.bmp = GUI_Controls\Resources\BUTTON_NEGATIVE0.bmp
		GUI_Controls\Resources\BUTTON_NEGATIVE1.bmp = GUI_Controls\Resources\BUTTON_NEGATIVE1.bmp
		GUI_Controls\Resources\BUTTON_NEGATIVE2.bmp = GUI_Controls\Resources\BUTTON_NEGATIVE2.bmp
		GUI_Controls\Resources\BUTTON_NEGATIVE3.bmp = GUI_Controls\Resources\BUTTON_NEGATIVE3.bmp
		GUI_Controls\Resources\BUTTON_POSITIVE0.bmp = GUI_Controls\Resources\BUTTON_POSITIVE0.bmp
		GUI_Controls\Resources\BUTTON_POSITIVE1.bmp = GUI_Controls\Resources\BUTTON_POSITIVE1.bmp
		GUI_Controls\Resources\BUTTON_POSITIVE2.bmp = GUI_Controls\Resources\BUTTON_POSITIVE2.bmp
		GUI_Controls\Resources\BUTTON_POSITIVE3.bmp = GUI_Controls\Resources\BUTTON_POSITIVE3.bmp
		GUI_Controls\Resources\BUTTON_PROMPTBUTTON0.bmp = GUI_Controls\Resources\BUTTON_PROMPTBUTTON0.bmp
		GUI_Controls\Resources\BUTTON_PROMPTBUTTON3.bmp = GUI_Controls\Resources\BUTTON_PROMPTBUTTON3.bmp
		GUI_Controls\Resources\Button_PROTOCOLEDITOR0.bmp = GUI_Controls\Resources\Button_PROTOCOLEDITOR0.bmp
		GUI_Controls\Resources\Button_PROTOCOLEDITOR1.bmp = GUI_Controls\Resources\Button_PROTOCOLEDITOR1.bmp
		GUI_Controls\Resources\Button_PROTOCOLEDITOR2.bmp = GUI_Controls\Resources\Button_PROTOCOLEDITOR2.bmp
		GUI_Controls\Resources\Button_PROTOCOLEDITOR3.bmp = GUI_Controls\Resources\Button_PROTOCOLEDITOR3.bmp
		GUI_Controls\Resources\Button_PROTOCOLLIST0.bmp = GUI_Controls\Resources\Button_PROTOCOLLIST0.bmp
		GUI_Controls\Resources\Button_PROTOCOLLIST1.bmp = GUI_Controls\Resources\Button_PROTOCOLLIST1.bmp
		GUI_Controls\Resources\Button_PROTOCOLLIST2.bmp = GUI_Controls\Resources\Button_PROTOCOLLIST2.bmp
		GUI_Controls\Resources\Button_PROTOCOLLIST3.bmp = GUI_Controls\Resources\Button_PROTOCOLLIST3.bmp
		GUI_Controls\Resources\Button_QUADRANTCANCEL.bmp = GUI_Controls\Resources\Button_QUADRANTCANCEL.bmp
		GUI_Controls\Resources\Button_RECT0.bmp = GUI_Controls\Resources\Button_RECT0.bmp
		GUI_Controls\Resources\Button_RECT1.bmp = GUI_Controls\Resources\Button_RECT1.bmp
		GUI_Controls\Resources\Button_RECT2.bmp = GUI_Controls\Resources\Button_RECT2.bmp
		GUI_Controls\Resources\Button_RECT21.bmp = GUI_Controls\Resources\Button_RECT21.bmp
		GUI_Controls\Resources\Button_RECT3.bmp = GUI_Controls\Resources\Button_RECT3.bmp
		GUI_Controls\Resources\Button_RECT31.bmp = GUI_Controls\Resources\Button_RECT31.bmp
		GUI_Controls\Resources\Button_RECT_Disable.bmp = GUI_Controls\Resources\Button_RECT_Disable.bmp
		GUI_Controls\Resources\Button_RECT_MED0.bmp = GUI_Controls\Resources\Button_RECT_MED0.bmp
		GUI_Controls\Resources\Button_RECT_MED1.bmp = GUI_Controls\Resources\Button_RECT_MED1.bmp
		GUI_Controls\Resources\Button_RECT_MED2.bmp = GUI_Controls\Resources\Button_RECT_MED2.bmp
		GUI_Controls\Resources\Button_RECT_MED3.bmp = GUI_Controls\Resources\Button_RECT_MED3.bmp
		GUI_Controls\Resources\BUTTON_REMOVEPROTOCOL0.bmp = GUI_Controls\Resources\BUTTON_REMOVEPROTOCOL0.bmp
		GUI_Controls\Resources\BUTTON_REMOVEPROTOCOL1.bmp = GUI_Controls\Resources\BUTTON_REMOVEPROTOCOL1.bmp
		GUI_Controls\Resources\BUTTON_REMOVEPROTOCOL2.bmp = GUI_Controls\Resources\BUTTON_REMOVEPROTOCOL2.bmp
		GUI_Controls\Resources\BUTTON_REMOVEPROTOCOL3.bmp = GUI_Controls\Resources\BUTTON_REMOVEPROTOCOL3.bmp
		GUI_Controls\Resources\BUTTON_RESOURCE_LIST0.bmp = GUI_Controls\Resources\BUTTON_RESOURCE_LIST0.bmp
		GUI_Controls\Resources\BUTTON_RESOURCE_LIST1.bmp = GUI_Controls\Resources\BUTTON_RESOURCE_LIST1.bmp
		GUI_Controls\Resources\BUTTON_RESOURCE_LIST2.bmp = GUI_Controls\Resources\BUTTON_RESOURCE_LIST2.bmp
		GUI_Controls\Resources\BUTTON_RESOURCE_LIST3.bmp = GUI_Controls\Resources\BUTTON_RESOURCE_LIST3.bmp
		GUI_Controls\Resources\BUTTON_RESOURCE_Selected.bmp = GUI_Controls\Resources\BUTTON_RESOURCE_Selected.bmp
		GUI_Controls\Resources\Button_RUN0.bmp = GUI_Controls\Resources\Button_RUN0.bmp
		GUI_Controls\Resources\Button_RUN1.bmp = GUI_Controls\Resources\Button_RUN1.bmp
		GUI_Controls\Resources\Button_RUN2.bmp = GUI_Controls\Resources\Button_RUN2.bmp
		GUI_Controls\Resources\Button_RUN3.bmp = GUI_Controls\Resources\Button_RUN3.bmp
		GUI_Controls\Resources\BUTTON_SAVELIST0.bmp = GUI_Controls\Resources\BUTTON_SAVELIST0.bmp
		GUI_Controls\Resources\BUTTON_SAVELIST1.bmp = GUI_Controls\Resources\BUTTON_SAVELIST1.bmp
		GUI_Controls\Resources\BUTTON_SAVELIST2.bmp = GUI_Controls\Resources\BUTTON_SAVELIST2.bmp
		GUI_Controls\Resources\BUTTON_SAVELIST3.bmp = GUI_Controls\Resources\BUTTON_SAVELIST3.bmp
		GUI_Controls\Resources\BUTTON_SELECTPROTOCOL_ALLMY0.bmp = GUI_Controls\Resources\BUTTON_SELECTPROTOCOL_ALLMY0.bmp
		GUI_Controls\Resources\BUTTON_SELECTPROTOCOL_ALLMY1.bmp = GUI_Controls\Resources\BUTTON_SELECTPROTOCOL_ALLMY1.bmp
		GUI_Controls\Resources\BUTTON_SELECTPROTOCOL_ALLMY2.bmp = GUI_Controls\Resources\BUTTON_SELECTPROTOCOL_ALLMY2.bmp
		GUI_Controls\Resources\BUTTON_SELECTPROTOCOL_ALLMY3.bmp = GUI_Controls\Resources\BUTTON_SELECTPROTOCOL_ALLMY3.bmp
		GUI_Controls\Resources\Button_SERVICE0.bmp = GUI_Controls\Resources\Button_SERVICE0.bmp
		GUI_Controls\Resources\Button_SERVICE1.bmp = GUI_Controls\Resources\Button_SERVICE1.bmp
		GUI_Controls\Resources\Button_SERVICE2.bmp = GUI_Controls\Resources\Button_SERVICE2.bmp
		GUI_Controls\Resources\Button_SERVICE3.bmp = GUI_Controls\Resources\Button_SERVICE3.bmp
		GUI_Controls\Resources\Button_SHUTDOWN0.bmp = GUI_Controls\Resources\Button_SHUTDOWN0.bmp
		GUI_Controls\Resources\Button_SHUTDOWN1.bmp = GUI_Controls\Resources\Button_SHUTDOWN1.bmp
		GUI_Controls\Resources\Button_SHUTDOWN2.bmp = GUI_Controls\Resources\Button_SHUTDOWN2.bmp
		GUI_Controls\Resources\Button_SHUTDOWN3.bmp = GUI_Controls\Resources\Button_SHUTDOWN3.bmp
		GUI_Controls\Resources\Button_Switch.jpg = GUI_Controls\Resources\Button_Switch.jpg
		GUI_Controls\Resources\Button_Switch2.jpg = GUI_Controls\Resources\Button_Switch2.jpg
		GUI_Controls\Resources\Button_UP0.bmp = GUI_Controls\Resources\Button_UP0.bmp
		GUI_Controls\Resources\BUTTON_UP1.bmp = GUI_Controls\Resources\BUTTON_UP1.bmp
		GUI_Controls\Resources\Button_UP2.bmp = GUI_Controls\Resources\Button_UP2.bmp
		GUI_Controls\Resources\BUTTON_UP3.bmp = GUI_Controls\Resources\BUTTON_UP3.bmp
		GUI_Controls\Resources\BUTTON_UP_Disable.bmp = GUI_Controls\Resources\BUTTON_UP_Disable.bmp
		GUI_Controls\Resources\Button_USBLOAD0.bmp = GUI_Controls\Resources\Button_USBLOAD0.bmp
		GUI_Controls\Resources\Button_USBLOAD1.bmp = GUI_Controls\Resources\Button_USBLOAD1.bmp
		GUI_Controls\Resources\Button_USBLOAD2.bmp = GUI_Controls\Resources\Button_USBLOAD2.bmp
		GUI_Controls\Resources\Button_USBLOAD3.bmp = GUI_Controls\Resources\Button_USBLOAD3.bmp
		GUI_Controls\Resources\CheckBox.jpg = GUI_Controls\Resources\CheckBox.jpg
		GUI_Controls\Resources\CHECKBOX0.bmp = GUI_Controls\Resources\CHECKBOX0.bmp
		GUI_Controls\Resources\CHECKBOX1.bmp = GUI_Controls\Resources\CHECKBOX1.bmp
		GUI_Controls\Resources\Close_Dashboard.gif = GUI_Controls\Resources\Close_Dashboard.gif
		GUI_Controls\Resources\Close_Dashboard.jpg = GUI_Controls\Resources\Close_Dashboard.jpg
		GUI_Controls\Resources\Dashboard_HexDashboard.jpg = GUI_Controls\Resources\Dashboard_HexDashboard.jpg
		GUI_Controls\Resources\Dashboard_Sampling.jpg = GUI_Controls\Resources\Dashboard_Sampling.jpg
		shared\errorConfig.fr-FR.txt = shared\errorConfig.fr-FR.txt
		shared\errorConfig.txt = shared\errorConfig.txt
		GUI_Controls\Resources\Frame_Background.bmp = GUI_Controls\Resources\Frame_Background.bmp
		GUI_Controls\Resources\HEX_HELP0.bmp = GUI_Controls\Resources\HEX_HELP0.bmp
		GUI_Controls\Resources\HEX_HELP1.bmp = GUI_Controls\Resources\HEX_HELP1.bmp
		GUI_Controls\Resources\HEX_HELP2.bmp = GUI_Controls\Resources\HEX_HELP2.bmp
		GUI_Controls\Resources\HEX_HELP3.bmp = GUI_Controls\Resources\HEX_HELP3.bmp
		GUI_Controls\Resources\HEX_LOG0.bmp = GUI_Controls\Resources\HEX_LOG0.bmp
		GUI_Controls\Resources\HEX_LOG1.bmp = GUI_Controls\Resources\HEX_LOG1.bmp
		GUI_Controls\Resources\HEX_LOG2.bmp = GUI_Controls\Resources\HEX_LOG2.bmp
		GUI_Controls\Resources\HEX_LOG3.bmp = GUI_Controls\Resources\HEX_LOG3.bmp
		GUI_Controls\Resources\HEX_PROTOCOLS0.bmp = GUI_Controls\Resources\HEX_PROTOCOLS0.bmp
		GUI_Controls\Resources\HEX_PROTOCOLS1.bmp = GUI_Controls\Resources\HEX_PROTOCOLS1.bmp
		GUI_Controls\Resources\HEX_PROTOCOLS2.bmp = GUI_Controls\Resources\HEX_PROTOCOLS2.bmp
		GUI_Controls\Resources\HEX_PROTOCOLS3.bmp = GUI_Controls\Resources\HEX_PROTOCOLS3.bmp
		GUI_Controls\Resources\HEX_SAMPLE0.bmp = GUI_Controls\Resources\HEX_SAMPLE0.bmp
		GUI_Controls\Resources\HEX_SAMPLE1.bmp = GUI_Controls\Resources\HEX_SAMPLE1.bmp
		GUI_Controls\Resources\HEX_SAMPLE2.bmp = GUI_Controls\Resources\HEX_SAMPLE2.bmp
		GUI_Controls\Resources\HEX_SAMPLE3.bmp = GUI_Controls\Resources\HEX_SAMPLE3.bmp
		GUI_Controls\Resources\HEX_SERVICE0.bmp = GUI_Controls\Resources\HEX_SERVICE0.bmp
		GUI_Controls\Resources\HEX_SERVICE1.bmp = GUI_Controls\Resources\HEX_SERVICE1.bmp
		GUI_Controls\Resources\HEX_SERVICE2.bmp = GUI_Controls\Resources\HEX_SERVICE2.bmp
		GUI_Controls\Resources\HEX_SERVICE3.bmp = GUI_Controls\Resources\HEX_SERVICE3.bmp
		GUI_Controls\Resources\HEX_SHUTDOWN0.bmp = GUI_Controls\Resources\HEX_SHUTDOWN0.bmp
		GUI_Controls\Resources\HEX_SHUTDOWN1.bmp = GUI_Controls\Resources\HEX_SHUTDOWN1.bmp
		GUI_Controls\Resources\HEX_SHUTDOWN2.bmp = GUI_Controls\Resources\HEX_SHUTDOWN2.bmp
		GUI_Controls\Resources\HEX_SHUTDOWN3.bmp = GUI_Controls\Resources\HEX_SHUTDOWN3.bmp
		GUI_Controls\Resources\HEX_SYSTEM0.bmp = GUI_Controls\Resources\HEX_SYSTEM0.bmp
		GUI_Controls\Resources\HEX_SYSTEM1.bmp = GUI_Controls\Resources\HEX_SYSTEM1.bmp
		GUI_Controls\Resources\HEX_SYSTEM2.bmp = GUI_Controls\Resources\HEX_SYSTEM2.bmp
		GUI_Controls\Resources\HEX_SYSTEM3.bmp = GUI_Controls\Resources\HEX_SYSTEM3.bmp
		GUI_Controls\Resources\HexButton0.jpg = GUI_Controls\Resources\HexButton0.jpg
		GUI_Controls\Resources\HexButton1.jpg = GUI_Controls\Resources\HexButton1.jpg
		GUI_Controls\Resources\HexButton2.jpg = GUI_Controls\Resources\HexButton2.jpg
		GUI_Controls\Resources\HexButton3.jpg = GUI_Controls\Resources\HexButton3.jpg
		shared\home_axes.xml = shared\home_axes.xml
		GUI_Controls\Resources\HomeButton.jpg = GUI_Controls\Resources\HomeButton.jpg
		GUI_Controls\Resources\KeybaordButton_L0.bmp = GUI_Controls\Resources\KeybaordButton_L0.bmp
		GUI_Controls\Resources\KeybaordButton_L1.bmp = GUI_Controls\Resources\KeybaordButton_L1.bmp
		GUI_Controls\Resources\KeybaordButton_M0.bmp = GUI_Controls\Resources\KeybaordButton_M0.bmp
		GUI_Controls\Resources\KeybaordButton_M1.bmp = GUI_Controls\Resources\KeybaordButton_M1.bmp
		GUI_Controls\Resources\KeybaordButton_R0.bmp = GUI_Controls\Resources\KeybaordButton_R0.bmp
		GUI_Controls\Resources\KeybaordButton_R1.bmp = GUI_Controls\Resources\KeybaordButton_R1.bmp
		GUI_Controls\Resources\KEYBOARD_ENTER0.bmp = GUI_Controls\Resources\KEYBOARD_ENTER0.bmp
		GUI_Controls\Resources\KEYBOARD_ENTER1.bmp = GUI_Controls\Resources\KEYBOARD_ENTER1.bmp
		shared\images\Launcher.ico = shared\images\Launcher.ico
		GUI_Controls\Resources\PillButton.jpg = GUI_Controls\Resources\PillButton.jpg
		shared\prime.xml = shared\prime.xml
		shared\protocolConfig.txt = shared\protocolConfig.txt
		GUI_Controls\Resources\Quadrant.jpg = GUI_Controls\Resources\Quadrant.jpg
		GUI_Controls\Resources\Quadrant1.bmp = GUI_Controls\Resources\Quadrant1.bmp
		GUI_Controls\Resources\Quadrant2.bmp = GUI_Controls\Resources\Quadrant2.bmp
		GUI_Controls\Resources\Quadrant3.bmp = GUI_Controls\Resources\Quadrant3.bmp
		GUI_Controls\Resources\Quadrant4.bmp = GUI_Controls\Resources\Quadrant4.bmp
		GUI_Controls\Resources\RoboMessagePanel_BL.bmp = GUI_Controls\Resources\RoboMessagePanel_BL.bmp
		GUI_Controls\Resources\RoboMessagePanel_BR.bmp = GUI_Controls\Resources\RoboMessagePanel_BR.bmp
		GUI_Controls\Resources\RoboMessagePanel_TL.bmp = GUI_Controls\Resources\RoboMessagePanel_TL.bmp
		GUI_Controls\Resources\RoboMessagePanel_TR.bmp = GUI_Controls\Resources\RoboMessagePanel_TR.bmp
		GUI_Controls\Resources\RoboPANEL_CORNER_BL.bmp = GUI_Controls\Resources\RoboPANEL_CORNER_BL.bmp
		GUI_Controls\Resources\RoboPANEL_CORNER_BOTTOMLEFT.bmp = GUI_Controls\Resources\RoboPANEL_CORNER_BOTTOMLEFT.bmp
		GUI_Controls\Resources\RoboPANEL_CORNER_BOTTOMRIGHT.bmp = GUI_Controls\Resources\RoboPANEL_CORNER_BOTTOMRIGHT.bmp
		GUI_Controls\Resources\RoboPANEL_CORNER_BR.bmp = GUI_Controls\Resources\RoboPANEL_CORNER_BR.bmp
		GUI_Controls\Resources\RoboPANEL_CORNER_TL.bmp = GUI_Controls\Resources\RoboPANEL_CORNER_TL.bmp
		GUI_Controls\Resources\RoboPANEL_CORNER_TOPLEFT.bmp = GUI_Controls\Resources\RoboPANEL_CORNER_TOPLEFT.bmp
		GUI_Controls\Resources\RoboPANEL_CORNER_TOPRIGHT.bmp = GUI_Controls\Resources\RoboPANEL_CORNER_TOPRIGHT.bmp
		GUI_Controls\Resources\RoboPANEL_CORNER_TR.bmp = GUI_Controls\Resources\RoboPANEL_CORNER_TR.bmp
		shared\images\RoboSep.png = shared\images\RoboSep.png
		GUI_Controls\Resources\RoboSep_Splash.png = GUI_Controls\Resources\RoboSep_Splash.png
		GUI_Controls\Resources\RoboSep_Splash_640x480.bmp = GUI_Controls\Resources\RoboSep_Splash_640x480.bmp
		GUI_Controls\Resources\RoboSep_SplashAnim_640x480.gif = GUI_Controls\Resources\RoboSep_SplashAnim_640x480.gif
		shared\Separator.exe.config = shared\Separator.exe.config
		shared\serial.dat = shared\serial.dat
		shared\images\Shutdown.ico = shared\images\Shutdown.ico
		shared\shutdown.xml = shared\shutdown.xml
		GUI_Controls\Resources\SmallPink.jpg = GUI_Controls\Resources\SmallPink.jpg
		GUI_Controls\Resources\spacer_ProtocolSelect.bmp = GUI_Controls\Resources\spacer_ProtocolSelect.bmp
		shared\STANDARD - Any Species Positive-high purity.xml = shared\STANDARD - Any Species Positive-high purity.xml
		shared\STANDARD - Human BC Positive-high purity.xml = shared\STANDARD - Human BC Positive-high purity.xml
		shared\STANDARD - Human BC Positive-high recovery.xml = shared\STANDARD - Human BC Positive-high recovery.xml
		shared\STANDARD - Human Negative-high purity.xml = shared\STANDARD - Human Negative-high purity.xml
		shared\STANDARD - Human Negative-high recovery.xml = shared\STANDARD - Human Negative-high recovery.xml
		shared\STANDARD - Human Positive-high purity.xml = shared\STANDARD - Human Positive-high purity.xml
		shared\STANDARD - Human Positive-high recovery.xml = shared\STANDARD - Human Positive-high recovery.xml
		shared\STANDARD - Human WB Negative.xml = shared\STANDARD - Human WB Negative.xml
		shared\STANDARD - Human WB Positive-high purity.xml = shared\STANDARD - Human WB Positive-high purity.xml
		shared\STANDARD - Mouse Negative-high purity.xml = shared\STANDARD - Mouse Negative-high purity.xml
		shared\STANDARD - Mouse Negative-high recovery.xml = shared\STANDARD - Mouse Negative-high recovery.xml
		shared\STANDARD - Mouse Positive-high purity.xml = shared\STANDARD - Mouse Positive-high purity.xml
		shared\statusConfig.fr-FR.txt = shared\statusConfig.fr-FR.txt
		shared\statusConfig.resources = shared\statusConfig.resources
		shared\statusConfig.txt = shared\statusConfig.txt
		shared\images\stemcell_logo.gif = shared\images\stemcell_logo.gif
		shared\images\StemCellSmallHeader.bmp = shared\images\StemCellSmallHeader.bmp
		GUI_Controls\Resources\Tab_Bottom.jpg = GUI_Controls\Resources\Tab_Bottom.jpg
		GUI_Controls\Resources\Tab_bottom1.jpg = GUI_Controls\Resources\Tab_bottom1.jpg
		GUI_Controls\Resources\Tab_bottom2.jpg = GUI_Controls\Resources\Tab_bottom2.jpg
		GUI_Controls\Resources\Tab_bottom3.jpg = GUI_Controls\Resources\Tab_bottom3.jpg
		GUI_Controls\Resources\TAB_HELPVIDEO1.bmp = GUI_Controls\Resources\TAB_HELPVIDEO1.bmp
		GUI_Controls\Resources\TAB_HELPVIDEO2.bmp = GUI_Controls\Resources\TAB_HELPVIDEO2.bmp
		GUI_Controls\Resources\Tab_mid1.jpg = GUI_Controls\Resources\Tab_mid1.jpg
		GUI_Controls\Resources\Tab_mid2.jpg = GUI_Controls\Resources\Tab_mid2.jpg
		GUI_Controls\Resources\Tab_mid3.jpg = GUI_Controls\Resources\Tab_mid3.jpg
		GUI_Controls\Resources\Tab_Middle.jpg.jpg = GUI_Controls\Resources\Tab_Middle.jpg.jpg
		GUI_Controls\Resources\TAB_REPORTS1.bmp = GUI_Controls\Resources\TAB_REPORTS1.bmp
		GUI_Controls\Resources\TAB_REPORTS2.bmp = GUI_Controls\Resources\TAB_REPORTS2.bmp
		GUI_Controls\Resources\TAB_REPORTS3.bmp = GUI_Controls\Resources\TAB_REPORTS3.bmp
		GUI_Controls\Resources\TAB_ROBOSEP1.bmp = GUI_Controls\Resources\TAB_ROBOSEP1.bmp
		GUI_Controls\Resources\TAB_ROBOSEP2.bmp = GUI_Controls\Resources\TAB_ROBOSEP2.bmp
		GUI_Controls\Resources\TAB_RUNSTAT1.bmp = GUI_Controls\Resources\TAB_RUNSTAT1.bmp
		GUI_Controls\Resources\TAB_RUNSTAT2.bmp = GUI_Controls\Resources\TAB_RUNSTAT2.bmp
		GUI_Controls\Resources\TAB_RUNSTAT3.bmp = GUI_Controls\Resources\TAB_RUNSTAT3.bmp
		GUI_Controls\Resources\Tab_Top.jpg = GUI_Controls\Resources\Tab_Top.jpg
		GUI_Controls\Resources\Tab_Top1.jpg = GUI_Controls\Resources\Tab_Top1.jpg
		GUI_Controls\Resources\Tab_Top2.jpg = GUI_Controls\Resources\Tab_Top2.jpg
		GUI_Controls\Resources\Tab_Top3.jpg = GUI_Controls\Resources\Tab_Top3.jpg
		GUI_Controls\Resources\TAB_VIDLOG1.bmp = GUI_Controls\Resources\TAB_VIDLOG1.bmp
		GUI_Controls\Resources\TAB_VIDLOG2.bmp = GUI_Controls\Resources\TAB_VIDLOG2.bmp
		GUI_Controls\Resources\TAB_VIDLOG3.bmp = GUI_Controls\Resources\TAB_VIDLOG3.bmp
		CWJ_Console\Resources\Textbox_Drowpdown.bmp = CWJ_Console\Resources\Textbox_Drowpdown.bmp
		GUI_Controls\Resources\TextBox_Login.bmp = GUI_Controls\Resources\TextBox_Login.bmp
		GUI_Controls\Resources\TOGGLE_QUADRANT0.bmp = GUI_Controls\Resources\TOGGLE_QUADRANT0.bmp
		GUI_Controls\Resources\TOGGLE_QUADRANT1.bmp = GUI_Controls\Resources\TOGGLE_QUADRANT1.bmp
		GUI_Controls\Resources\TOGGLE_QUADRANT2.BMP = GUI_Controls\Resources\TOGGLE_QUADRANT2.BMP
		shared\wp.bmp = shared\wp.bmp
	EndProjectSection
EndProject
Project("{54435603-DBB4-11D2-8724-00A0C9A8B90C}") = "Setup", "Setup\Setup.vdproj", "{B6C5DB4C-1EE9-4064-B6A3-85E65BA8F836}"
EndProject
Project("{FAE04EC0-301F-11D3-BF4B-00C04F79EFBC}") = "Util_GUI", "ServiceUtilities\Util_GUI\Util_GUI.csproj", "{19C332F2-942E-4BEB-BBB8-3C1C784F2D14}"
EndProject
Project("{FAE04EC0-301F-11D3-BF4B-00C04F79EFBC}") = "FTP_Client", "FTP_Client\FTP_Client.csproj", "{37E317ED-6871-45C8-A3DD-BFCC195708D7}"
EndProject
Project("{FAE04EC0-301F-11D3-BF4B-00C04F79EFBC}") = "Report_Crystal", "Report_Crystal\Report_Crystal.csproj", "{A00205C0-7DE6-40F1-8FD9-5C71C6CF145B}"
EndProject
Project("{FAE04EC0-301F-11D3-BF4B-00C04F79EFBC}") = "Form_SplashScreen", "Form_SplashScreen\Form_SplashScreen\Form_SplashScreen.csproj", "{DD77041F-157E-44C5-9CE9-FC8EB0533386}"
EndProject
Global
	GlobalSection(SolutionConfigurationPlatforms) = preSolution
		Debug|Any CPU = Debug|Any CPU
		Debug|Mixed Platforms = Debug|Mixed Platforms
		Debug|x86 = Debug|x86
		Release|Any CPU = Release|Any CPU
		Release|Mixed Platforms = Release|Mixed Platforms
		Release|x86 = Release|x86
	EndGlobalSection
	GlobalSection(ProjectConfigurationPlatforms) = postSolution
		{12FBE96F-1212-4E24-9CCB-A9666F4C5203}.Debug|Any CPU.ActiveCfg = Debug|Any CPU
		{12FBE96F-1212-4E24-9CCB-A9666F4C5203}.Debug|Any CPU.Build.0 = Debug|Any CPU
		{12FBE96F-1212-4E24-9CCB-A9666F4C5203}.Debug|Mixed Platforms.ActiveCfg = Debug|Any CPU
		{12FBE96F-1212-4E24-9CCB-A9666F4C5203}.Debug|Mixed Platforms.Build.0 = Debug|Any CPU
		{12FBE96F-1212-4E24-9CCB-A9666F4C5203}.Debug|x86.ActiveCfg = Debug|x86
		{12FBE96F-1212-4E24-9CCB-A9666F4C5203}.Debug|x86.Build.0 = Debug|x86
		{12FBE96F-1212-4E24-9CCB-A9666F4C5203}.Release|Any CPU.ActiveCfg = Release|Any CPU
		{12FBE96F-1212-4E24-9CCB-A9666F4C5203}.Release|Any CPU.Build.0 = Release|Any CPU
		{12FBE96F-1212-4E24-9CCB-A9666F4C5203}.Release|Mixed Platforms.ActiveCfg = Release|Any CPU
		{12FBE96F-1212-4E24-9CCB-A9666F4C5203}.Release|Mixed Platforms.Build.0 = Release|Any CPU
		{12FBE96F-1212-4E24-9CCB-A9666F4C5203}.Release|x86.ActiveCfg = Release|x86
		{12FBE96F-1212-4E24-9CCB-A9666F4C5203}.Release|x86.Build.0 = Release|x86
		{05ABD542-CEFA-48E2-B689-13D64C2F8A40}.Debug|Any CPU.ActiveCfg = Debug|Any CPU
		{05ABD542-CEFA-48E2-B689-13D64C2F8A40}.Debug|Any CPU.Build.0 = Debug|Any CPU
		{05ABD542-CEFA-48E2-B689-13D64C2F8A40}.Debug|Mixed Platforms.ActiveCfg = Debug|Any CPU
		{05ABD542-CEFA-48E2-B689-13D64C2F8A40}.Debug|Mixed Platforms.Build.0 = Debug|Any CPU
		{05ABD542-CEFA-48E2-B689-13D64C2F8A40}.Debug|x86.ActiveCfg = Debug|x86
		{05ABD542-CEFA-48E2-B689-13D64C2F8A40}.Debug|x86.Build.0 = Debug|x86
		{05ABD542-CEFA-48E2-B689-13D64C2F8A40}.Release|Any CPU.ActiveCfg = Release|Any CPU
		{05ABD542-CEFA-48E2-B689-13D64C2F8A40}.Release|Any CPU.Build.0 = Release|Any CPU
		{05ABD542-CEFA-48E2-B689-13D64C2F8A40}.Release|Mixed Platforms.ActiveCfg = Release|Any CPU
		{05ABD542-CEFA-48E2-B689-13D64C2F8A40}.Release|Mixed Platforms.Build.0 = Release|Any CPU
		{05ABD542-CEFA-48E2-B689-13D64C2F8A40}.Release|x86.ActiveCfg = Release|x86
		{05ABD542-CEFA-48E2-B689-13D64C2F8A40}.Release|x86.Build.0 = Release|x86
		{8A2840DC-DD41-4CDD-9071-86F07A26ED92}.Debug|Any CPU.ActiveCfg = Debug|Any CPU
		{8A2840DC-DD41-4CDD-9071-86F07A26ED92}.Debug|Any CPU.Build.0 = Debug|Any CPU
		{8A2840DC-DD41-4CDD-9071-86F07A26ED92}.Debug|Mixed Platforms.ActiveCfg = Debug|Any CPU
		{8A2840DC-DD41-4CDD-9071-86F07A26ED92}.Debug|Mixed Platforms.Build.0 = Debug|Any CPU
		{8A2840DC-DD41-4CDD-9071-86F07A26ED92}.Debug|x86.ActiveCfg = Debug|x86
		{8A2840DC-DD41-4CDD-9071-86F07A26ED92}.Debug|x86.Build.0 = Debug|x86
		{8A2840DC-DD41-4CDD-9071-86F07A26ED92}.Release|Any CPU.ActiveCfg = Release|Any CPU
		{8A2840DC-DD41-4CDD-9071-86F07A26ED92}.Release|Any CPU.Build.0 = Release|Any CPU
		{8A2840DC-DD41-4CDD-9071-86F07A26ED92}.Release|Mixed Platforms.ActiveCfg = Release|Any CPU
		{8A2840DC-DD41-4CDD-9071-86F07A26ED92}.Release|Mixed Platforms.Build.0 = Release|Any CPU
		{8A2840DC-DD41-4CDD-9071-86F07A26ED92}.Release|x86.ActiveCfg = Release|x86
		{8A2840DC-DD41-4CDD-9071-86F07A26ED92}.Release|x86.Build.0 = Release|x86
		{8C4A9C27-80BB-4619-BF10-AC831A915330}.Debug|Any CPU.ActiveCfg = Debug|Any CPU
		{8C4A9C27-80BB-4619-BF10-AC831A915330}.Debug|Any CPU.Build.0 = Debug|Any CPU
		{8C4A9C27-80BB-4619-BF10-AC831A915330}.Debug|Mixed Platforms.ActiveCfg = Debug|Any CPU
		{8C4A9C27-80BB-4619-BF10-AC831A915330}.Debug|Mixed Platforms.Build.0 = Debug|Any CPU
		{8C4A9C27-80BB-4619-BF10-AC831A915330}.Debug|x86.ActiveCfg = Debug|x86
		{8C4A9C27-80BB-4619-BF10-AC831A915330}.Debug|x86.Build.0 = Debug|x86
		{8C4A9C27-80BB-4619-BF10-AC831A915330}.Release|Any CPU.ActiveCfg = Release|Any CPU
		{8C4A9C27-80BB-4619-BF10-AC831A915330}.Release|Any CPU.Build.0 = Release|Any CPU
		{8C4A9C27-80BB-4619-BF10-AC831A915330}.Release|Mixed Platforms.ActiveCfg = Release|Any CPU
		{8C4A9C27-80BB-4619-BF10-AC831A915330}.Release|Mixed Platforms.Build.0 = Release|Any CPU
		{8C4A9C27-80BB-4619-BF10-AC831A915330}.Release|x86.ActiveCfg = Release|x86
		{8C4A9C27-80BB-4619-BF10-AC831A915330}.Release|x86.Build.0 = Release|x86
		{AA229DBB-3395-4270-A06C-C38F7BB242BF}.Debug|Any CPU.ActiveCfg = Debug|Any CPU
		{AA229DBB-3395-4270-A06C-C38F7BB242BF}.Debug|Any CPU.Build.0 = Debug|Any CPU
		{AA229DBB-3395-4270-A06C-C38F7BB242BF}.Debug|Mixed Platforms.ActiveCfg = Debug|Any CPU
		{AA229DBB-3395-4270-A06C-C38F7BB242BF}.Debug|Mixed Platforms.Build.0 = Debug|Any CPU
		{AA229DBB-3395-4270-A06C-C38F7BB242BF}.Debug|x86.ActiveCfg = Debug|x86
		{AA229DBB-3395-4270-A06C-C38F7BB242BF}.Debug|x86.Build.0 = Debug|x86
		{AA229DBB-3395-4270-A06C-C38F7BB242BF}.Release|Any CPU.ActiveCfg = Release|Any CPU
		{AA229DBB-3395-4270-A06C-C38F7BB242BF}.Release|Any CPU.Build.0 = Release|Any CPU
		{AA229DBB-3395-4270-A06C-C38F7BB242BF}.Release|Mixed Platforms.ActiveCfg = Release|Any CPU
		{AA229DBB-3395-4270-A06C-C38F7BB242BF}.Release|Mixed Platforms.Build.0 = Release|Any CPU
		{AA229DBB-3395-4270-A06C-C38F7BB242BF}.Release|x86.ActiveCfg = Release|x86
		{AA229DBB-3395-4270-A06C-C38F7BB242BF}.Release|x86.Build.0 = Release|x86
		{4D8D6F32-BB42-4198-8FE6-14CFD4AB3D9C}.Debug|Any CPU.ActiveCfg = Debug|x86
		{4D8D6F32-BB42-4198-8FE6-14CFD4AB3D9C}.Debug|Any CPU.Build.0 = Debug|x86
		{4D8D6F32-BB42-4198-8FE6-14CFD4AB3D9C}.Debug|Mixed Platforms.ActiveCfg = Debug|x86
		{4D8D6F32-BB42-4198-8FE6-14CFD4AB3D9C}.Debug|Mixed Platforms.Build.0 = Debug|x86
		{4D8D6F32-BB42-4198-8FE6-14CFD4AB3D9C}.Debug|x86.ActiveCfg = Debug|x86
		{4D8D6F32-BB42-4198-8FE6-14CFD4AB3D9C}.Debug|x86.Build.0 = Debug|x86
		{4D8D6F32-BB42-4198-8FE6-14CFD4AB3D9C}.Release|Any CPU.ActiveCfg = Release|x86
		{4D8D6F32-BB42-4198-8FE6-14CFD4AB3D9C}.Release|Any CPU.Build.0 = Release|x86
		{4D8D6F32-BB42-4198-8FE6-14CFD4AB3D9C}.Release|Mixed Platforms.ActiveCfg = Release|x86
		{4D8D6F32-BB42-4198-8FE6-14CFD4AB3D9C}.Release|Mixed Platforms.Build.0 = Release|x86
		{4D8D6F32-BB42-4198-8FE6-14CFD4AB3D9C}.Release|x86.ActiveCfg = Release|x86
		{4D8D6F32-BB42-4198-8FE6-14CFD4AB3D9C}.Release|x86.Build.0 = Release|x86
		{35E0CB7F-0BB6-411F-9BFD-35852A3F63BB}.Debug|Any CPU.ActiveCfg = Debug|x86
		{35E0CB7F-0BB6-411F-9BFD-35852A3F63BB}.Debug|Any CPU.Build.0 = Debug|x86
		{35E0CB7F-0BB6-411F-9BFD-35852A3F63BB}.Debug|Mixed Platforms.ActiveCfg = Debug|x86
		{35E0CB7F-0BB6-411F-9BFD-35852A3F63BB}.Debug|Mixed Platforms.Build.0 = Debug|x86
		{35E0CB7F-0BB6-411F-9BFD-35852A3F63BB}.Debug|x86.ActiveCfg = Debug|x86
		{35E0CB7F-0BB6-411F-9BFD-35852A3F63BB}.Debug|x86.Build.0 = Debug|x86
		{35E0CB7F-0BB6-411F-9BFD-35852A3F63BB}.Release|Any CPU.ActiveCfg = Release|x86
		{35E0CB7F-0BB6-411F-9BFD-35852A3F63BB}.Release|Any CPU.Build.0 = Release|x86
		{35E0CB7F-0BB6-411F-9BFD-35852A3F63BB}.Release|Mixed Platforms.ActiveCfg = Release|x86
		{35E0CB7F-0BB6-411F-9BFD-35852A3F63BB}.Release|Mixed Platforms.Build.0 = Release|x86
		{35E0CB7F-0BB6-411F-9BFD-35852A3F63BB}.Release|x86.ActiveCfg = Release|x86
		{35E0CB7F-0BB6-411F-9BFD-35852A3F63BB}.Release|x86.Build.0 = Release|x86
		{9A5BCDC0-ACCC-4A8C-8014-7F0254A87187}.Debug|Any CPU.ActiveCfg = Debug|Any CPU
		{9A5BCDC0-ACCC-4A8C-8014-7F0254A87187}.Debug|Any CPU.Build.0 = Debug|Any CPU
		{9A5BCDC0-ACCC-4A8C-8014-7F0254A87187}.Debug|Mixed Platforms.ActiveCfg = Debug|Any CPU
		{9A5BCDC0-ACCC-4A8C-8014-7F0254A87187}.Debug|Mixed Platforms.Build.0 = Debug|Any CPU
		{9A5BCDC0-ACCC-4A8C-8014-7F0254A87187}.Debug|x86.ActiveCfg = Debug|x86
		{9A5BCDC0-ACCC-4A8C-8014-7F0254A87187}.Debug|x86.Build.0 = Debug|x86
		{9A5BCDC0-ACCC-4A8C-8014-7F0254A87187}.Release|Any CPU.ActiveCfg = Release|Any CPU
		{9A5BCDC0-ACCC-4A8C-8014-7F0254A87187}.Release|Any CPU.Build.0 = Release|Any CPU
		{9A5BCDC0-ACCC-4A8C-8014-7F0254A87187}.Release|Mixed Platforms.ActiveCfg = Release|Any CPU
		{9A5BCDC0-ACCC-4A8C-8014-7F0254A87187}.Release|Mixed Platforms.Build.0 = Release|Any CPU
		{9A5BCDC0-ACCC-4A8C-8014-7F0254A87187}.Release|x86.ActiveCfg = Release|x86
		{9A5BCDC0-ACCC-4A8C-8014-7F0254A87187}.Release|x86.Build.0 = Release|x86
		{B6C5DB4C-1EE9-4064-B6A3-85E65BA8F836}.Debug|Any CPU.ActiveCfg = Debug
		{B6C5DB4C-1EE9-4064-B6A3-85E65BA8F836}.Debug|Mixed Platforms.ActiveCfg = Debug
		{B6C5DB4C-1EE9-4064-B6A3-85E65BA8F836}.Debug|x86.ActiveCfg = Debug
		{B6C5DB4C-1EE9-4064-B6A3-85E65BA8F836}.Release|Any CPU.ActiveCfg = Release
		{B6C5DB4C-1EE9-4064-B6A3-85E65BA8F836}.Release|Mixed Platforms.ActiveCfg = Release
		{B6C5DB4C-1EE9-4064-B6A3-85E65BA8F836}.Release|x86.ActiveCfg = Release
		{19C332F2-942E-4BEB-BBB8-3C1C784F2D14}.Debug|Any CPU.ActiveCfg = Debug|x86
		{19C332F2-942E-4BEB-BBB8-3C1C784F2D14}.Debug|Mixed Platforms.ActiveCfg = Debug|x86
		{19C332F2-942E-4BEB-BBB8-3C1C784F2D14}.Debug|Mixed Platforms.Build.0 = Debug|x86
		{19C332F2-942E-4BEB-BBB8-3C1C784F2D14}.Debug|x86.ActiveCfg = Debug|x86
		{19C332F2-942E-4BEB-BBB8-3C1C784F2D14}.Release|Any CPU.ActiveCfg = Release|x86
		{19C332F2-942E-4BEB-BBB8-3C1C784F2D14}.Release|Mixed Platforms.ActiveCfg = Release|x86
		{19C332F2-942E-4BEB-BBB8-3C1C784F2D14}.Release|Mixed Platforms.Build.0 = Release|x86
		{19C332F2-942E-4BEB-BBB8-3C1C784F2D14}.Release|x86.ActiveCfg = Release|x86
		{19C332F2-942E-4BEB-BBB8-3C1C784F2D14}.Release|x86.Build.0 = Release|x86
		{37E317ED-6871-45C8-A3DD-BFCC195708D7}.Debug|Any CPU.ActiveCfg = Debug|x86
		{37E317ED-6871-45C8-A3DD-BFCC195708D7}.Debug|Mixed Platforms.ActiveCfg = Debug|x86
		{37E317ED-6871-45C8-A3DD-BFCC195708D7}.Debug|Mixed Platforms.Build.0 = Debug|x86
		{37E317ED-6871-45C8-A3DD-BFCC195708D7}.Debug|x86.ActiveCfg = Debug|x86
		{37E317ED-6871-45C8-A3DD-BFCC195708D7}.Debug|x86.Build.0 = Debug|x86
		{37E317ED-6871-45C8-A3DD-BFCC195708D7}.Release|Any CPU.ActiveCfg = Release|x86
		{37E317ED-6871-45C8-A3DD-BFCC195708D7}.Release|Mixed Platforms.ActiveCfg = Release|x86
		{37E317ED-6871-45C8-A3DD-BFCC195708D7}.Release|Mixed Platforms.Build.0 = Release|x86
		{37E317ED-6871-45C8-A3DD-BFCC195708D7}.Release|x86.ActiveCfg = Release|x86
		{37E317ED-6871-45C8-A3DD-BFCC195708D7}.Release|x86.Build.0 = Release|x86
		{A00205C0-7DE6-40F1-8FD9-5C71C6CF145B}.Debug|Any CPU.ActiveCfg = Debug|x86
		{A00205C0-7DE6-40F1-8FD9-5C71C6CF145B}.Debug|Mixed Platforms.ActiveCfg = Debug|x86
		{A00205C0-7DE6-40F1-8FD9-5C71C6CF145B}.Debug|Mixed Platforms.Build.0 = Debug|x86
		{A00205C0-7DE6-40F1-8FD9-5C71C6CF145B}.Debug|x86.ActiveCfg = Debug|x86
		{A00205C0-7DE6-40F1-8FD9-5C71C6CF145B}.Debug|x86.Build.0 = Debug|x86
		{A00205C0-7DE6-40F1-8FD9-5C71C6CF145B}.Release|Any CPU.ActiveCfg = Release|x86
		{A00205C0-7DE6-40F1-8FD9-5C71C6CF145B}.Release|Mixed Platforms.ActiveCfg = Release|x86
		{A00205C0-7DE6-40F1-8FD9-5C71C6CF145B}.Release|Mixed Platforms.Build.0 = Release|x86
		{A00205C0-7DE6-40F1-8FD9-5C71C6CF145B}.Release|x86.ActiveCfg = Release|x86
		{A00205C0-7DE6-40F1-8FD9-5C71C6CF145B}.Release|x86.Build.0 = Release|x86
		{DD77041F-157E-44C5-9CE9-FC8EB0533386}.Debug|Any CPU.ActiveCfg = Debug|x86
		{DD77041F-157E-44C5-9CE9-FC8EB0533386}.Debug|Mixed Platforms.ActiveCfg = Debug|x86
		{DD77041F-157E-44C5-9CE9-FC8EB0533386}.Debug|Mixed Platforms.Build.0 = Debug|x86
		{DD77041F-157E-44C5-9CE9-FC8EB0533386}.Debug|x86.ActiveCfg = Debug|x86
		{DD77041F-157E-44C5-9CE9-FC8EB0533386}.Debug|x86.Build.0 = Debug|x86
		{DD77041F-157E-44C5-9CE9-FC8EB0533386}.Release|Any CPU.ActiveCfg = Release|x86
		{DD77041F-157E-44C5-9CE9-FC8EB0533386}.Release|Mixed Platforms.ActiveCfg = Release|x86
		{DD77041F-157E-44C5-9CE9-FC8EB0533386}.Release|Mixed Platforms.Build.0 = Release|x86
		{DD77041F-157E-44C5-9CE9-FC8EB0533386}.Release|x86.ActiveCfg = Release|x86
		{DD77041F-157E-44C5-9CE9-FC8EB0533386}.Release|x86.Build.0 = Release|x86
	EndGlobalSection
	GlobalSection(SolutionProperties) = preSolution
		HideSolutionNode = FALSE
	EndGlobalSection
EndGlobal
